
Microsoft Visual Studio Solution File, Format Version 12.00
# Visual Studio Version 17
VisualStudioVersion = 17.3.32825.248
MinimumVisualStudioVersion = 10.0.40219.1
Project("{FAE04EC0-301F-11D3-BF4B-00C04F79EFBC}") = "EntradasUmaLinha", "EntradasUmaLinha\EntradasUmaLinha.csproj", "{66E352F4-B120-4E1C-B891-5E6DFBE1246F}"
EndProject
Global
	GlobalSection(SolutionConfigurationPlatforms) = preSolution
		Debug|Any CPU = Debug|Any CPU
		Release|Any CPU = Release|Any CPU
	EndGlobalSection
	GlobalSection(ProjectConfigurationPlatforms) = postSolution
		{66E352F4-B120-4E1C-B891-5E6DFBE1246F}.Debug|Any CPU.ActiveCfg = Debug|Any CPU
		{66E352F4-B120-4E1C-B891-5E6DFBE1246F}.Debug|Any CPU.Build.0 = Debug|Any CPU
		{66E352F4-B120-4E1C-B891-5E6DFBE1246F}.Release|Any CPU.ActiveCfg = Release|Any CPU
		{66E352F4-B120-4E1C-B891-5E6DFBE1246F}.Release|Any CPU.Build.0 = Release|Any CPU
	EndGlobalSection
	GlobalSection(SolutionProperties) = preSolution
		HideSolutionNode = FALSE
	EndGlobalSection
	GlobalSection(ExtensibilityGlobals) = postSolution
		SolutionGuid = {8ECD598C-62E8-468F-BE68-939F3D1FDCE8}
	EndGlobalSection
EndGlobal
