
Microsoft Visual Studio Solution File, Format Version 12.00
# Visual Studio Version 17
VisualStudioVersion = 17.3.32922.545
MinimumVisualStudioVersion = 10.0.40219.1
Project("{FAE04EC0-301F-11D3-BF4B-00C04F79EFBC}") = "CoreExceptions", "CoreExceptions\CoreExceptions.csproj", "{4340E0FC-84C6-44C9-95E0-4919BCAD35C5}"
EndProject
Global
	GlobalSection(SolutionConfigurationPlatforms) = preSolution
		Debug|Any CPU = Debug|Any CPU
		Release|Any CPU = Release|Any CPU
	EndGlobalSection
	GlobalSection(ProjectConfigurationPlatforms) = postSolution
		{4340E0FC-84C6-44C9-95E0-4919BCAD35C5}.Debug|Any CPU.ActiveCfg = Debug|Any CPU
		{4340E0FC-84C6-44C9-95E0-4919BCAD35C5}.Debug|Any CPU.Build.0 = Debug|Any CPU
		{4340E0FC-84C6-44C9-95E0-4919BCAD35C5}.Release|Any CPU.ActiveCfg = Release|Any CPU
		{4340E0FC-84C6-44C9-95E0-4919BCAD35C5}.Release|Any CPU.Build.0 = Release|Any CPU
	EndGlobalSection
	GlobalSection(SolutionProperties) = preSolution
		HideSolutionNode = FALSE
	EndGlobalSection
	GlobalSection(ExtensibilityGlobals) = postSolution
		SolutionGuid = {2BC75998-5FC7-4D31-AF8E-1EA8F3184D1D}
	EndGlobalSection
EndGlobal
