
Microsoft Visual Studio Solution File, Format Version 12.00
# Visual Studio Version 17
VisualStudioVersion = 17.3.32922.545
MinimumVisualStudioVersion = 10.0.40219.1
Project("{FAE04EC0-301F-11D3-BF4B-00C04F79EFBC}") = "CarRentalSystem", "CarRentalSystem\CarRentalSystem.csproj", "{CC9A0B22-63EF-4FC2-98AD-B33BB40FD20E}"
EndProject
Global
	GlobalSection(SolutionConfigurationPlatforms) = preSolution
		Debug|Any CPU = Debug|Any CPU
		Release|Any CPU = Release|Any CPU
	EndGlobalSection
	GlobalSection(ProjectConfigurationPlatforms) = postSolution
		{CC9A0B22-63EF-4FC2-98AD-B33BB40FD20E}.Debug|Any CPU.ActiveCfg = Debug|Any CPU
		{CC9A0B22-63EF-4FC2-98AD-B33BB40FD20E}.Debug|Any CPU.Build.0 = Debug|Any CPU
		{CC9A0B22-63EF-4FC2-98AD-B33BB40FD20E}.Release|Any CPU.ActiveCfg = Release|Any CPU
		{CC9A0B22-63EF-4FC2-98AD-B33BB40FD20E}.Release|Any CPU.Build.0 = Release|Any CPU
	EndGlobalSection
	GlobalSection(SolutionProperties) = preSolution
		HideSolutionNode = FALSE
	EndGlobalSection
	GlobalSection(ExtensibilityGlobals) = postSolution
		SolutionGuid = {491F751D-A4C7-4867-8152-C1137AE00E3B}
	EndGlobalSection
EndGlobal
