
Microsoft Visual Studio Solution File, Format Version 12.00
# Visual Studio Version 17
VisualStudioVersion = 17.3.32825.248
MinimumVisualStudioVersion = 10.0.40219.1
Project("{FAE04EC0-301F-11D3-BF4B-00C04F79EFBC}") = "AprovadoOuReprovado", "AprovadoOuReprovado\AprovadoOuReprovado.csproj", "{243FE070-6087-401E-AC2A-2D639900177F}"
EndProject
Global
	GlobalSection(SolutionConfigurationPlatforms) = preSolution
		Debug|Any CPU = Debug|Any CPU
		Release|Any CPU = Release|Any CPU
	EndGlobalSection
	GlobalSection(ProjectConfigurationPlatforms) = postSolution
		{243FE070-6087-401E-AC2A-2D639900177F}.Debug|Any CPU.ActiveCfg = Debug|Any CPU
		{243FE070-6087-401E-AC2A-2D639900177F}.Debug|Any CPU.Build.0 = Debug|Any CPU
		{243FE070-6087-401E-AC2A-2D639900177F}.Release|Any CPU.ActiveCfg = Release|Any CPU
		{243FE070-6087-401E-AC2A-2D639900177F}.Release|Any CPU.Build.0 = Release|Any CPU
	EndGlobalSection
	GlobalSection(SolutionProperties) = preSolution
		HideSolutionNode = FALSE
	EndGlobalSection
	GlobalSection(ExtensibilityGlobals) = postSolution
		SolutionGuid = {F48CF1C0-1EDC-48D5-A08D-22FDD5C5F5AE}
	EndGlobalSection
EndGlobal
