
Microsoft Visual Studio Solution File, Format Version 12.00
# Visual Studio Version 17
VisualStudioVersion = 17.3.32922.545
MinimumVisualStudioVersion = 10.0.40219.1
Project("{FAE04EC0-301F-11D3-BF4B-00C04F79EFBC}") = "Referencias", "Referencias\Referencias.csproj", "{B28759E3-500D-4277-A2DE-675735CEB1F3}"
EndProject
Global
	GlobalSection(SolutionConfigurationPlatforms) = preSolution
		Debug|Any CPU = Debug|Any CPU
		Release|Any CPU = Release|Any CPU
	EndGlobalSection
	GlobalSection(ProjectConfigurationPlatforms) = postSolution
		{B28759E3-500D-4277-A2DE-675735CEB1F3}.Debug|Any CPU.ActiveCfg = Debug|Any CPU
		{B28759E3-500D-4277-A2DE-675735CEB1F3}.Debug|Any CPU.Build.0 = Debug|Any CPU
		{B28759E3-500D-4277-A2DE-675735CEB1F3}.Release|Any CPU.ActiveCfg = Release|Any CPU
		{B28759E3-500D-4277-A2DE-675735CEB1F3}.Release|Any CPU.Build.0 = Release|Any CPU
	EndGlobalSection
	GlobalSection(SolutionProperties) = preSolution
		HideSolutionNode = FALSE
	EndGlobalSection
	GlobalSection(ExtensibilityGlobals) = postSolution
		SolutionGuid = {5AF56922-FF09-4F35-A4D4-FB803E41DEF2}
	EndGlobalSection
EndGlobal
